
Microsoft Visual Studio Solution File, Format Version 12.00
# Visual Studio Version 16
VisualStudioVersion = 16.0.31205.134
MinimumVisualStudioVersion = 10.0.40219.1
Project("{FAE04EC0-301F-11D3-BF4B-00C04F79EFBC}") = "CSAMS", "CSAMS\CSAMS.csproj", "{C6D80885-9457-4BD8-A1CA-B9C49C59B473}"
EndProject
Global
	GlobalSection(SolutionConfigurationPlatforms) = preSolution
		Debug|Any CPU = Debug|Any CPU
		Release|Any CPU = Release|Any CPU
	EndGlobalSection
	GlobalSection(ProjectConfigurationPlatforms) = postSolution
		{C6D80885-9457-4BD8-A1CA-B9C49C59B473}.Debug|Any CPU.ActiveCfg = Debug|Any CPU
		{C6D80885-9457-4BD8-A1CA-B9C49C59B473}.Debug|Any CPU.Build.0 = Debug|Any CPU
		{C6D80885-9457-4BD8-A1CA-B9C49C59B473}.Release|Any CPU.ActiveCfg = Release|Any CPU
		{C6D80885-9457-4BD8-A1CA-B9C49C59B473}.Release|Any CPU.Build.0 = Release|Any CPU
	EndGlobalSection
	GlobalSection(SolutionProperties) = preSolution
		HideSolutionNode = FALSE
	EndGlobalSection
	GlobalSection(ExtensibilityGlobals) = postSolution
		SolutionGuid = {ECFDC1ED-DBC5-495F-9FB1-E30F2F31080F}
	EndGlobalSection
EndGlobal
