
Microsoft Visual Studio Solution File, Format Version 12.00
# Visual Studio Version 16
VisualStudioVersion = 16.0.31205.134
MinimumVisualStudioVersion = 10.0.40219.1
Project("{9A19103F-16F7-4668-BE54-9A1E7A4F7556}") = "CSAMS", "CSAMS\CSAMS.csproj", "{EF9249D3-699C-40EE-9E26-5BC81CFD82EE}"
EndProject
Project("{FAE04EC0-301F-11D3-BF4B-00C04F79EFBC}") = "Test-Framework", "Test-Framework\Test-Framework.csproj", "{EC0BB1E6-207A-4F28-BC19-AC606D3080AA}"
EndProject
Global
	GlobalSection(SolutionConfigurationPlatforms) = preSolution
		Debug|Any CPU = Debug|Any CPU
		Release|Any CPU = Release|Any CPU
	EndGlobalSection
	GlobalSection(ProjectConfigurationPlatforms) = postSolution
		{EF9249D3-699C-40EE-9E26-5BC81CFD82EE}.Debug|Any CPU.ActiveCfg = Debug|Any CPU
		{EF9249D3-699C-40EE-9E26-5BC81CFD82EE}.Debug|Any CPU.Build.0 = Debug|Any CPU
		{EF9249D3-699C-40EE-9E26-5BC81CFD82EE}.Release|Any CPU.ActiveCfg = Release|Any CPU
		{EF9249D3-699C-40EE-9E26-5BC81CFD82EE}.Release|Any CPU.Build.0 = Release|Any CPU
		{EC0BB1E6-207A-4F28-BC19-AC606D3080AA}.Debug|Any CPU.ActiveCfg = Debug|Any CPU
		{EC0BB1E6-207A-4F28-BC19-AC606D3080AA}.Debug|Any CPU.Build.0 = Debug|Any CPU
		{EC0BB1E6-207A-4F28-BC19-AC606D3080AA}.Release|Any CPU.ActiveCfg = Release|Any CPU
		{EC0BB1E6-207A-4F28-BC19-AC606D3080AA}.Release|Any CPU.Build.0 = Release|Any CPU
	EndGlobalSection
	GlobalSection(SolutionProperties) = preSolution
		HideSolutionNode = FALSE
	EndGlobalSection
	GlobalSection(ExtensibilityGlobals) = postSolution
		SolutionGuid = {35BACCCB-73A9-40AC-9864-E18ED381E983}
	EndGlobalSection
EndGlobal
